// !$*UTF8*$!
{
	archiveVersion = 1;
	classes = {
	};
	objectVersion = 51;
	objects = {

/* Begin PBXBuildFile section */
		75474C883AA35344F63EA85F /* libPods-FactsAppTests.a in Frameworks */ = {isa = PBXBuildFile; fileRef = 30AEDD19DCC52B2A8476C198 /* libPods-FactsAppTests.a */; };
		A24C264B51A73D1FD167F9C7 /* Pods_FactsApp.framework in Frameworks */ = {isa = PBXBuildFile; fileRef = EF9657FBFB3A688B49E7AC20 /* Pods_FactsApp.framework */; };
		CD69FEA5243D821E000A4B5E /* FactsViewModel.swift in Sources */ = {isa = PBXBuildFile; fileRef = CD69FEA4243D821E000A4B5E /* FactsViewModel.swift */; };
		CD69FEA6243D89F8000A4B5E /* AppDelegate.swift in Sources */ = {isa = PBXBuildFile; fileRef = CD6DA8CC2431D077006A834B /* AppDelegate.swift */; };
		CD6BB48B24360FC500882040 /* FactsAppTests.swift in Sources */ = {isa = PBXBuildFile; fileRef = CD6BB48A24360FC500882040 /* FactsAppTests.swift */; };
		CD6BB4942436112200882040 /* MockFactsAPI.swift in Sources */ = {isa = PBXBuildFile; fileRef = CD6BB4932436112200882040 /* MockFactsAPI.swift */; };
		CD6BB4962436144300882040 /* FactsAppMockDataTests.swift in Sources */ = {isa = PBXBuildFile; fileRef = CD6BB4952436144300882040 /* FactsAppMockDataTests.swift */; };
		CD6DA8D62431D07A006A834B /* Assets.xcassets in Resources */ = {isa = PBXBuildFile; fileRef = CD6DA8D52431D07A006A834B /* Assets.xcassets */; };
		CD6DA8D92431D07A006A834B /* LaunchScreen.storyboard in Resources */ = {isa = PBXBuildFile; fileRef = CD6DA8D72431D07A006A834B /* LaunchScreen.storyboard */; };
		CD6DA8EE2431DC51006A834B /* FactsViewController.swift in Sources */ = {isa = PBXBuildFile; fileRef = CD6DA8ED2431DC51006A834B /* FactsViewController.swift */; };
		CD6DA8F12431E3C3006A834B /* AppConstants.swift in Sources */ = {isa = PBXBuildFile; fileRef = CD6DA8F02431E3C3006A834B /* AppConstants.swift */; };
		CD6DA8F42431E511006A834B /* BaseNetworking.swift in Sources */ = {isa = PBXBuildFile; fileRef = CD6DA8F32431E511006A834B /* BaseNetworking.swift */; };
		CD6DA8F62431E54E006A834B /* FactsAPI.swift in Sources */ = {isa = PBXBuildFile; fileRef = CD6DA8F52431E54E006A834B /* FactsAPI.swift */; };
		CD6DA8F82431E56E006A834B /* AppStrings.swift in Sources */ = {isa = PBXBuildFile; fileRef = CD6DA8F72431E56E006A834B /* AppStrings.swift */; };
		CD6DA8FB2431E851006A834B /* Requestmethods.swift in Sources */ = {isa = PBXBuildFile; fileRef = CD6DA8FA2431E851006A834B /* Requestmethods.swift */; };
		CD6DA8FE2431EA7F006A834B /* Country.swift in Sources */ = {isa = PBXBuildFile; fileRef = CD6DA8FD2431EA7F006A834B /* Country.swift */; };
		CD6DA9002431EAA2006A834B /* Fact.swift in Sources */ = {isa = PBXBuildFile; fileRef = CD6DA8FF2431EAA2006A834B /* Fact.swift */; };
		CD6DA9022431EACE006A834B /* APIKeys.swift in Sources */ = {isa = PBXBuildFile; fileRef = CD6DA9012431EACE006A834B /* APIKeys.swift */; };
		CD6DA9042431F443006A834B /* AppColors.swift in Sources */ = {isa = PBXBuildFile; fileRef = CD6DA9032431F443006A834B /* AppColors.swift */; };
		CD6DA9072431F8E6006A834B /* FactsTableViewCell.swift in Sources */ = {isa = PBXBuildFile; fileRef = CD6DA9062431F8E6006A834B /* FactsTableViewCell.swift */; };
/* End PBXBuildFile section */

/* Begin PBXContainerItemProxy section */
		CD6BB48D24360FC500882040 /* PBXContainerItemProxy */ = {
			isa = PBXContainerItemProxy;
			containerPortal = CD6DA8C12431D077006A834B /* Project object */;
			proxyType = 1;
			remoteGlobalIDString = CD6DA8C82431D077006A834B;
			remoteInfo = FactsApp;
		};
/* End PBXContainerItemProxy section */

/* Begin PBXFileReference section */
		30AEDD19DCC52B2A8476C198 /* libPods-FactsAppTests.a */ = {isa = PBXFileReference; explicitFileType = archive.ar; includeInIndex = 0; path = "libPods-FactsAppTests.a"; sourceTree = BUILT_PRODUCTS_DIR; };
		6B4890C7210A12A63E5D6EA4 /* Pods-FactsApp.debug.xcconfig */ = {isa = PBXFileReference; includeInIndex = 1; lastKnownFileType = text.xcconfig; name = "Pods-FactsApp.debug.xcconfig"; path = "Target Support Files/Pods-FactsApp/Pods-FactsApp.debug.xcconfig"; sourceTree = "<group>"; };
		6BE06CE09BEA3A06B8CF8101 /* Pods-FactsAppTests.debug.xcconfig */ = {isa = PBXFileReference; includeInIndex = 1; lastKnownFileType = text.xcconfig; name = "Pods-FactsAppTests.debug.xcconfig"; path = "Target Support Files/Pods-FactsAppTests/Pods-FactsAppTests.debug.xcconfig"; sourceTree = "<group>"; };
		AB74C57A38E968DD9DEF6123 /* Pods-FactsAppTests.release.xcconfig */ = {isa = PBXFileReference; includeInIndex = 1; lastKnownFileType = text.xcconfig; name = "Pods-FactsAppTests.release.xcconfig"; path = "Target Support Files/Pods-FactsAppTests/Pods-FactsAppTests.release.xcconfig"; sourceTree = "<group>"; };
		CD69FEA4243D821E000A4B5E /* FactsViewModel.swift */ = {isa = PBXFileReference; lastKnownFileType = sourcecode.swift; path = FactsViewModel.swift; sourceTree = "<group>"; };
		CD6BB48824360FC500882040 /* FactsAppTests.xctest */ = {isa = PBXFileReference; explicitFileType = wrapper.cfbundle; includeInIndex = 0; path = FactsAppTests.xctest; sourceTree = BUILT_PRODUCTS_DIR; };
		CD6BB48A24360FC500882040 /* FactsAppTests.swift */ = {isa = PBXFileReference; lastKnownFileType = sourcecode.swift; path = FactsAppTests.swift; sourceTree = "<group>"; };
		CD6BB48C24360FC500882040 /* Info.plist */ = {isa = PBXFileReference; lastKnownFileType = text.plist.xml; path = Info.plist; sourceTree = "<group>"; };
		CD6BB4932436112200882040 /* MockFactsAPI.swift */ = {isa = PBXFileReference; lastKnownFileType = sourcecode.swift; path = MockFactsAPI.swift; sourceTree = "<group>"; };
		CD6BB4952436144300882040 /* FactsAppMockDataTests.swift */ = {isa = PBXFileReference; lastKnownFileType = sourcecode.swift; path = FactsAppMockDataTests.swift; sourceTree = "<group>"; };
		CD6DA8C92431D077006A834B /* FactsApp.app */ = {isa = PBXFileReference; explicitFileType = wrapper.application; includeInIndex = 0; path = FactsApp.app; sourceTree = BUILT_PRODUCTS_DIR; };
		CD6DA8CC2431D077006A834B /* AppDelegate.swift */ = {isa = PBXFileReference; lastKnownFileType = sourcecode.swift; path = AppDelegate.swift; sourceTree = "<group>"; };
		CD6DA8D52431D07A006A834B /* Assets.xcassets */ = {isa = PBXFileReference; lastKnownFileType = folder.assetcatalog; path = Assets.xcassets; sourceTree = "<group>"; };
		CD6DA8D82431D07A006A834B /* Base */ = {isa = PBXFileReference; lastKnownFileType = file.storyboard; name = Base; path = Base.lproj/LaunchScreen.storyboard; sourceTree = "<group>"; };
		CD6DA8DA2431D07A006A834B /* Info.plist */ = {isa = PBXFileReference; lastKnownFileType = text.plist.xml; path = Info.plist; sourceTree = "<group>"; };
		CD6DA8ED2431DC51006A834B /* FactsViewController.swift */ = {isa = PBXFileReference; lastKnownFileType = sourcecode.swift; path = FactsViewController.swift; sourceTree = "<group>"; };
		CD6DA8F02431E3C3006A834B /* AppConstants.swift */ = {isa = PBXFileReference; lastKnownFileType = sourcecode.swift; path = AppConstants.swift; sourceTree = "<group>"; };
		CD6DA8F32431E511006A834B /* BaseNetworking.swift */ = {isa = PBXFileReference; lastKnownFileType = sourcecode.swift; path = BaseNetworking.swift; sourceTree = "<group>"; };
		CD6DA8F52431E54E006A834B /* FactsAPI.swift */ = {isa = PBXFileReference; lastKnownFileType = sourcecode.swift; path = FactsAPI.swift; sourceTree = "<group>"; };
		CD6DA8F72431E56E006A834B /* AppStrings.swift */ = {isa = PBXFileReference; lastKnownFileType = sourcecode.swift; path = AppStrings.swift; sourceTree = "<group>"; };
		CD6DA8FA2431E851006A834B /* Requestmethods.swift */ = {isa = PBXFileReference; lastKnownFileType = sourcecode.swift; path = Requestmethods.swift; sourceTree = "<group>"; };
		CD6DA8FD2431EA7F006A834B /* Country.swift */ = {isa = PBXFileReference; lastKnownFileType = sourcecode.swift; path = Country.swift; sourceTree = "<group>"; };
		CD6DA8FF2431EAA2006A834B /* Fact.swift */ = {isa = PBXFileReference; lastKnownFileType = sourcecode.swift; path = Fact.swift; sourceTree = "<group>"; };
		CD6DA9012431EACE006A834B /* APIKeys.swift */ = {isa = PBXFileReference; lastKnownFileType = sourcecode.swift; path = APIKeys.swift; sourceTree = "<group>"; };
		CD6DA9032431F443006A834B /* AppColors.swift */ = {isa = PBXFileReference; lastKnownFileType = sourcecode.swift; path = AppColors.swift; sourceTree = "<group>"; };
		CD6DA9062431F8E6006A834B /* FactsTableViewCell.swift */ = {isa = PBXFileReference; lastKnownFileType = sourcecode.swift; path = FactsTableViewCell.swift; sourceTree = "<group>"; };
		EF9657FBFB3A688B49E7AC20 /* Pods_FactsApp.framework */ = {isa = PBXFileReference; explicitFileType = wrapper.framework; includeInIndex = 0; path = Pods_FactsApp.framework; sourceTree = BUILT_PRODUCTS_DIR; };
		FD0C3B27C2C47F438C878F0F /* Pods-FactsApp.release.xcconfig */ = {isa = PBXFileReference; includeInIndex = 1; lastKnownFileType = text.xcconfig; name = "Pods-FactsApp.release.xcconfig"; path = "Target Support Files/Pods-FactsApp/Pods-FactsApp.release.xcconfig"; sourceTree = "<group>"; };
/* End PBXFileReference section */

/* Begin PBXFrameworksBuildPhase section */
		CD6BB48524360FC500882040 /* Frameworks */ = {
			isa = PBXFrameworksBuildPhase;
			buildActionMask = 2147483647;
			files = (
				75474C883AA35344F63EA85F /* libPods-FactsAppTests.a in Frameworks */,
			);
			runOnlyForDeploymentPostprocessing = 0;
		};
		CD6DA8C62431D077006A834B /* Frameworks */ = {
			isa = PBXFrameworksBuildPhase;
			buildActionMask = 2147483647;
			files = (
				A24C264B51A73D1FD167F9C7 /* Pods_FactsApp.framework in Frameworks */,
			);
			runOnlyForDeploymentPostprocessing = 0;
		};
/* End PBXFrameworksBuildPhase section */

/* Begin PBXGroup section */
		787D0E292968FD99713A64D8 /* Frameworks */ = {
			isa = PBXGroup;
			children = (
				EF9657FBFB3A688B49E7AC20 /* Pods_FactsApp.framework */,
				30AEDD19DCC52B2A8476C198 /* libPods-FactsAppTests.a */,
			);
			name = Frameworks;
			sourceTree = "<group>";
		};
		CD69FEA3243D81AE000A4B5E /* ViewModels */ = {
			isa = PBXGroup;
			children = (
				CD69FEA4243D821E000A4B5E /* FactsViewModel.swift */,
			);
			path = ViewModels;
			sourceTree = "<group>";
		};
		CD6BB48924360FC500882040 /* FactsAppTests */ = {
			isa = PBXGroup;
			children = (
				CD6BB48A24360FC500882040 /* FactsAppTests.swift */,
				CD6BB4952436144300882040 /* FactsAppMockDataTests.swift */,
				CD6BB492243610EC00882040 /* Mocks */,
				CD6BB48C24360FC500882040 /* Info.plist */,
			);
			path = FactsAppTests;
			sourceTree = "<group>";
		};
		CD6BB492243610EC00882040 /* Mocks */ = {
			isa = PBXGroup;
			children = (
				CD6BB4932436112200882040 /* MockFactsAPI.swift */,
			);
			path = Mocks;
			sourceTree = "<group>";
		};
		CD6DA8C02431D077006A834B = {
			isa = PBXGroup;
			children = (
				CD6DA8CB2431D077006A834B /* FactsApp */,
				CD6BB48924360FC500882040 /* FactsAppTests */,
				CD6DA8CA2431D077006A834B /* Products */,
				D6EAD4B0EC057844892E059A /* Pods */,
				787D0E292968FD99713A64D8 /* Frameworks */,
			);
			sourceTree = "<group>";
		};
		CD6DA8CA2431D077006A834B /* Products */ = {
			isa = PBXGroup;
			children = (
				CD6DA8C92431D077006A834B /* FactsApp.app */,
				CD6BB48824360FC500882040 /* FactsAppTests.xctest */,
			);
			name = Products;
			sourceTree = "<group>";
		};
		CD6DA8CB2431D077006A834B /* FactsApp */ = {
			isa = PBXGroup;
			children = (
				CD6DA8FC2431EA69006A834B /* Models */,
				CD6DA9052431F8B5006A834B /* Views */,
				CD69FEA3243D81AE000A4B5E /* ViewModels */,
				CD6DA8F22431E4EC006A834B /* WebServices */,
				CD6DA8EF2431E39D006A834B /* Constants */,
				CD6DA8CC2431D077006A834B /* AppDelegate.swift */,
				CD6DA8D52431D07A006A834B /* Assets.xcassets */,
				CD6DA8D72431D07A006A834B /* LaunchScreen.storyboard */,
				CD6DA8DA2431D07A006A834B /* Info.plist */,
			);
			path = FactsApp;
			sourceTree = "<group>";
		};
		CD6DA8EF2431E39D006A834B /* Constants */ = {
			isa = PBXGroup;
			children = (
				CD6DA8F02431E3C3006A834B /* AppConstants.swift */,
				CD6DA8F72431E56E006A834B /* AppStrings.swift */,
				CD6DA8FA2431E851006A834B /* Requestmethods.swift */,
				CD6DA9012431EACE006A834B /* APIKeys.swift */,
				CD6DA9032431F443006A834B /* AppColors.swift */,
			);
			path = Constants;
			sourceTree = "<group>";
		};
		CD6DA8F22431E4EC006A834B /* WebServices */ = {
			isa = PBXGroup;
			children = (
				CD6DA8F32431E511006A834B /* BaseNetworking.swift */,
				CD6DA8F52431E54E006A834B /* FactsAPI.swift */,
			);
			path = WebServices;
			sourceTree = "<group>";
		};
		CD6DA8FC2431EA69006A834B /* Models */ = {
			isa = PBXGroup;
			children = (
				CD6DA8FD2431EA7F006A834B /* Country.swift */,
				CD6DA8FF2431EAA2006A834B /* Fact.swift */,
			);
			path = Models;
			sourceTree = "<group>";
		};
		CD6DA9052431F8B5006A834B /* Views */ = {
			isa = PBXGroup;
			children = (
				CD6DA9062431F8E6006A834B /* FactsTableViewCell.swift */,
				CD6DA8ED2431DC51006A834B /* FactsViewController.swift */,
			);
			path = Views;
			sourceTree = "<group>";
		};
		D6EAD4B0EC057844892E059A /* Pods */ = {
			isa = PBXGroup;
			children = (
				6B4890C7210A12A63E5D6EA4 /* Pods-FactsApp.debug.xcconfig */,
				FD0C3B27C2C47F438C878F0F /* Pods-FactsApp.release.xcconfig */,
				6BE06CE09BEA3A06B8CF8101 /* Pods-FactsAppTests.debug.xcconfig */,
				AB74C57A38E968DD9DEF6123 /* Pods-FactsAppTests.release.xcconfig */,
			);
			path = Pods;
			sourceTree = "<group>";
		};
/* End PBXGroup section */

/* Begin PBXNativeTarget section */
		CD6BB48724360FC500882040 /* FactsAppTests */ = {
			isa = PBXNativeTarget;
			buildConfigurationList = CD6BB49124360FC500882040 /* Build configuration list for PBXNativeTarget "FactsAppTests" */;
			buildPhases = (
				C9C994CCC1828B4019C01665 /* [CP] Check Pods Manifest.lock */,
				CD6BB48424360FC500882040 /* Sources */,
				CD6BB48524360FC500882040 /* Frameworks */,
				CD6BB48624360FC500882040 /* Resources */,
			);
			buildRules = (
			);
			dependencies = (
				CD6BB48E24360FC500882040 /* PBXTargetDependency */,
			);
			name = FactsAppTests;
			productName = FactsAppTests;
			productReference = CD6BB48824360FC500882040 /* FactsAppTests.xctest */;
			productType = "com.apple.product-type.bundle.unit-test";
		};
		CD6DA8C82431D077006A834B /* FactsApp */ = {
			isa = PBXNativeTarget;
			buildConfigurationList = CD6DA8DD2431D07A006A834B /* Build configuration list for PBXNativeTarget "FactsApp" */;
			buildPhases = (
				E0673E9505A0841D10B00CB0 /* [CP] Check Pods Manifest.lock */,
				CD6DA8C52431D077006A834B /* Sources */,
				CD6DA8C62431D077006A834B /* Frameworks */,
				CD6DA8C72431D077006A834B /* Resources */,
				CF2B12A62743F84F22B0EEB0 /* [CP] Embed Pods Frameworks */,
			);
			buildRules = (
			);
			dependencies = (
			);
			name = FactsApp;
			productName = FactsApp;
			productReference = CD6DA8C92431D077006A834B /* FactsApp.app */;
			productType = "com.apple.product-type.application";
		};
/* End PBXNativeTarget section */

/* Begin PBXProject section */
		CD6DA8C12431D077006A834B /* Project object */ = {
			isa = PBXProject;
			attributes = {
				LastSwiftUpdateCheck = 1130;
				LastUpgradeCheck = 1130;
				ORGANIZATIONNAME = Mable;
				TargetAttributes = {
					CD6BB48724360FC500882040 = {
						CreatedOnToolsVersion = 11.3.1;
						TestTargetID = CD6DA8C82431D077006A834B;
					};
					CD6DA8C82431D077006A834B = {
						CreatedOnToolsVersion = 11.3.1;
					};
				};
			};
			buildConfigurationList = CD6DA8C42431D077006A834B /* Build configuration list for PBXProject "FactsApp" */;
			compatibilityVersion = "Xcode 9.3";
			developmentRegion = en;
			hasScannedForEncodings = 0;
			knownRegions = (
				en,
				Base,
			);
			mainGroup = CD6DA8C02431D077006A834B;
			productRefGroup = CD6DA8CA2431D077006A834B /* Products */;
			projectDirPath = "";
			projectRoot = "";
			targets = (
				CD6DA8C82431D077006A834B /* FactsApp */,
				CD6BB48724360FC500882040 /* FactsAppTests */,
			);
		};
/* End PBXProject section */

/* Begin PBXResourcesBuildPhase section */
		CD6BB48624360FC500882040 /* Resources */ = {
			isa = PBXResourcesBuildPhase;
			buildActionMask = 2147483647;
			files = (
			);
			runOnlyForDeploymentPostprocessing = 0;
		};
		CD6DA8C72431D077006A834B /* Resources */ = {
			isa = PBXResourcesBuildPhase;
			buildActionMask = 2147483647;
			files = (
				CD6DA8D92431D07A006A834B /* LaunchScreen.storyboard in Resources */,
				CD6DA8D62431D07A006A834B /* Assets.xcassets in Resources */,
			);
			runOnlyForDeploymentPostprocessing = 0;
		};
/* End PBXResourcesBuildPhase section */

/* Begin PBXShellScriptBuildPhase section */
		C9C994CCC1828B4019C01665 /* [CP] Check Pods Manifest.lock */ = {
			isa = PBXShellScriptBuildPhase;
			buildActionMask = 2147483647;
			files = (
			);
			inputFileListPaths = (
			);
			inputPaths = (
				"${PODS_PODFILE_DIR_PATH}/Podfile.lock",
				"${PODS_ROOT}/Manifest.lock",
			);
			name = "[CP] Check Pods Manifest.lock";
			outputFileListPaths = (
			);
			outputPaths = (
				"$(DERIVED_FILE_DIR)/Pods-FactsAppTests-checkManifestLockResult.txt",
			);
			runOnlyForDeploymentPostprocessing = 0;
			shellPath = /bin/sh;
			shellScript = "diff \"${PODS_PODFILE_DIR_PATH}/Podfile.lock\" \"${PODS_ROOT}/Manifest.lock\" > /dev/null\nif [ $? != 0 ] ; then\n    # print error to STDERR\n    echo \"error: The sandbox is not in sync with the Podfile.lock. Run 'pod install' or update your CocoaPods installation.\" >&2\n    exit 1\nfi\n# This output is used by Xcode 'outputs' to avoid re-running this script phase.\necho \"SUCCESS\" > \"${SCRIPT_OUTPUT_FILE_0}\"\n";
			showEnvVarsInLog = 0;
		};
		CF2B12A62743F84F22B0EEB0 /* [CP] Embed Pods Frameworks */ = {
			isa = PBXShellScriptBuildPhase;
			buildActionMask = 2147483647;
			files = (
			);
			inputFileListPaths = (
				"${PODS_ROOT}/Target Support Files/Pods-FactsApp/Pods-FactsApp-frameworks-${CONFIGURATION}-input-files.xcfilelist",
			);
			name = "[CP] Embed Pods Frameworks";
			outputFileListPaths = (
				"${PODS_ROOT}/Target Support Files/Pods-FactsApp/Pods-FactsApp-frameworks-${CONFIGURATION}-output-files.xcfilelist",
			);
			runOnlyForDeploymentPostprocessing = 0;
			shellPath = /bin/sh;
			shellScript = "\"${PODS_ROOT}/Target Support Files/Pods-FactsApp/Pods-FactsApp-frameworks.sh\"\n";
			showEnvVarsInLog = 0;
		};
		E0673E9505A0841D10B00CB0 /* [CP] Check Pods Manifest.lock */ = {
			isa = PBXShellScriptBuildPhase;
			buildActionMask = 2147483647;
			files = (
			);
			inputFileListPaths = (
			);
			inputPaths = (
				"${PODS_PODFILE_DIR_PATH}/Podfile.lock",
				"${PODS_ROOT}/Manifest.lock",
			);
			name = "[CP] Check Pods Manifest.lock";
			outputFileListPaths = (
			);
			outputPaths = (
				"$(DERIVED_FILE_DIR)/Pods-FactsApp-checkManifestLockResult.txt",
			);
			runOnlyForDeploymentPostprocessing = 0;
			shellPath = /bin/sh;
			shellScript = "diff \"${PODS_PODFILE_DIR_PATH}/Podfile.lock\" \"${PODS_ROOT}/Manifest.lock\" > /dev/null\nif [ $? != 0 ] ; then\n    # print error to STDERR\n    echo \"error: The sandbox is not in sync with the Podfile.lock. Run 'pod install' or update your CocoaPods installation.\" >&2\n    exit 1\nfi\n# This output is used by Xcode 'outputs' to avoid re-running this script phase.\necho \"SUCCESS\" > \"${SCRIPT_OUTPUT_FILE_0}\"\n";
			showEnvVarsInLog = 0;
		};
/* End PBXShellScriptBuildPhase section */

/* Begin PBXSourcesBuildPhase section */
		CD6BB48424360FC500882040 /* Sources */ = {
			isa = PBXSourcesBuildPhase;
			buildActionMask = 2147483647;
			files = (
				CD6BB4942436112200882040 /* MockFactsAPI.swift in Sources */,
				CD6BB48B24360FC500882040 /* FactsAppTests.swift in Sources */,
				CD6BB4962436144300882040 /* FactsAppMockDataTests.swift in Sources */,
			);
			runOnlyForDeploymentPostprocessing = 0;
		};
		CD6DA8C52431D077006A834B /* Sources */ = {
			isa = PBXSourcesBuildPhase;
			buildActionMask = 2147483647;
			files = (
				CD6DA8F82431E56E006A834B /* AppStrings.swift in Sources */,
				CD6DA8F62431E54E006A834B /* FactsAPI.swift in Sources */,
				CD6DA9072431F8E6006A834B /* FactsTableViewCell.swift in Sources */,
				CD6DA8F12431E3C3006A834B /* AppConstants.swift in Sources */,
				CD6DA9042431F443006A834B /* AppColors.swift in Sources */,
				CD6DA9002431EAA2006A834B /* Fact.swift in Sources */,
				CD69FEA5243D821E000A4B5E /* FactsViewModel.swift in Sources */,
				CD6DA8FE2431EA7F006A834B /* Country.swift in Sources */,
				CD69FEA6243D89F8000A4B5E /* AppDelegate.swift in Sources */,
				CD6DA9022431EACE006A834B /* APIKeys.swift in Sources */,
				CD6DA8F42431E511006A834B /* BaseNetworking.swift in Sources */,
				CD6DA8FB2431E851006A834B /* Requestmethods.swift in Sources */,
				CD6DA8EE2431DC51006A834B /* FactsViewController.swift in Sources */,
			);
			runOnlyForDeploymentPostprocessing = 0;
		};
/* End PBXSourcesBuildPhase section */

/* Begin PBXTargetDependency section */
		CD6BB48E24360FC500882040 /* PBXTargetDependency */ = {
			isa = PBXTargetDependency;
			target = CD6DA8C82431D077006A834B /* FactsApp */;
			targetProxy = CD6BB48D24360FC500882040 /* PBXContainerItemProxy */;
		};
/* End PBXTargetDependency section */

/* Begin PBXVariantGroup section */
		CD6DA8D72431D07A006A834B /* LaunchScreen.storyboard */ = {
			isa = PBXVariantGroup;
			children = (
				CD6DA8D82431D07A006A834B /* Base */,
			);
			name = LaunchScreen.storyboard;
			sourceTree = "<group>";
		};
/* End PBXVariantGroup section */

/* Begin XCBuildConfiguration section */
		CD6BB48F24360FC500882040 /* Debug */ = {
			isa = XCBuildConfiguration;
			baseConfigurationReference = 6BE06CE09BEA3A06B8CF8101 /* Pods-FactsAppTests.debug.xcconfig */;
			buildSettings = {
				BUNDLE_LOADER = "$(TEST_HOST)";
				CODE_SIGN_STYLE = Automatic;
				INFOPLIST_FILE = FactsAppTests/Info.plist;
				LD_RUNPATH_SEARCH_PATHS = (
					"$(inherited)",
					"@executable_path/Frameworks",
					"@loader_path/Frameworks",
				);
				PRODUCT_BUNDLE_IDENTIFIER = com.softvision.FactsAppTests;
				PRODUCT_NAME = "$(TARGET_NAME)";
				SWIFT_VERSION = 5.0;
				TARGETED_DEVICE_FAMILY = "1,2";
				TEST_HOST = "$(BUILT_PRODUCTS_DIR)/FactsApp.app/FactsApp";
			};
			name = Debug;
		};
		CD6BB49024360FC500882040 /* Release */ = {
			isa = XCBuildConfiguration;
			baseConfigurationReference = AB74C57A38E968DD9DEF6123 /* Pods-FactsAppTests.release.xcconfig */;
			buildSettings = {
				BUNDLE_LOADER = "$(TEST_HOST)";
				CODE_SIGN_STYLE = Automatic;
				INFOPLIST_FILE = FactsAppTests/Info.plist;
				LD_RUNPATH_SEARCH_PATHS = (
					"$(inherited)",
					"@executable_path/Frameworks",
					"@loader_path/Frameworks",
				);
				PRODUCT_BUNDLE_IDENTIFIER = com.softvision.FactsAppTests;
				PRODUCT_NAME = "$(TARGET_NAME)";
				SWIFT_VERSION = 5.0;
				TARGETED_DEVICE_FAMILY = "1,2";
				TEST_HOST = "$(BUILT_PRODUCTS_DIR)/FactsApp.app/FactsApp";
			};
			name = Release;
		};
		CD6DA8DB2431D07A006A834B /* Debug */ = {
			isa = XCBuildConfiguration;
			buildSettings = {
				ALWAYS_SEARCH_USER_PATHS = NO;
				CLANG_ANALYZER_NONNULL = YES;
				CLANG_ANALYZER_NUMBER_OBJECT_CONVERSION = YES_AGGRESSIVE;
				CLANG_CXX_LANGUAGE_STANDARD = "gnu++14";
				CLANG_CXX_LIBRARY = "libc++";
				CLANG_ENABLE_MODULES = YES;
				CLANG_ENABLE_OBJC_ARC = YES;
				CLANG_ENABLE_OBJC_WEAK = YES;
				CLANG_WARN_BLOCK_CAPTURE_AUTORELEASING = YES;
				CLANG_WARN_BOOL_CONVERSION = YES;
				CLANG_WARN_COMMA = YES;
				CLANG_WARN_CONSTANT_CONVERSION = YES;
				CLANG_WARN_DEPRECATED_OBJC_IMPLEMENTATIONS = YES;
				CLANG_WARN_DIRECT_OBJC_ISA_USAGE = YES_ERROR;
				CLANG_WARN_DOCUMENTATION_COMMENTS = YES;
				CLANG_WARN_EMPTY_BODY = YES;
				CLANG_WARN_ENUM_CONVERSION = YES;
				CLANG_WARN_INFINITE_RECURSION = YES;
				CLANG_WARN_INT_CONVERSION = YES;
				CLANG_WARN_NON_LITERAL_NULL_CONVERSION = YES;
				CLANG_WARN_OBJC_IMPLICIT_RETAIN_SELF = YES;
				CLANG_WARN_OBJC_LITERAL_CONVERSION = YES;
				CLANG_WARN_OBJC_ROOT_CLASS = YES_ERROR;
				CLANG_WARN_RANGE_LOOP_ANALYSIS = YES;
				CLANG_WARN_STRICT_PROTOTYPES = YES;
				CLANG_WARN_SUSPICIOUS_MOVE = YES;
				CLANG_WARN_UNGUARDED_AVAILABILITY = YES_AGGRESSIVE;
				CLANG_WARN_UNREACHABLE_CODE = YES;
				CLANG_WARN__DUPLICATE_METHOD_MATCH = YES;
				COPY_PHASE_STRIP = NO;
				DEBUG_INFORMATION_FORMAT = dwarf;
				ENABLE_STRICT_OBJC_MSGSEND = YES;
				ENABLE_TESTABILITY = YES;
				GCC_C_LANGUAGE_STANDARD = gnu11;
				GCC_DYNAMIC_NO_PIC = NO;
				GCC_NO_COMMON_BLOCKS = YES;
				GCC_OPTIMIZATION_LEVEL = 0;
				GCC_PREPROCESSOR_DEFINITIONS = (
					"DEBUG=1",
					"$(inherited)",
				);
				GCC_WARN_64_TO_32_BIT_CONVERSION = YES;
				GCC_WARN_ABOUT_RETURN_TYPE = YES_ERROR;
				GCC_WARN_UNDECLARED_SELECTOR = YES;
				GCC_WARN_UNINITIALIZED_AUTOS = YES_AGGRESSIVE;
				GCC_WARN_UNUSED_FUNCTION = YES;
				GCC_WARN_UNUSED_VARIABLE = YES;
				IPHONEOS_DEPLOYMENT_TARGET = 13.2;
				MTL_ENABLE_DEBUG_INFO = INCLUDE_SOURCE;
				MTL_FAST_MATH = YES;
				ONLY_ACTIVE_ARCH = YES;
				SDKROOT = iphoneos;
				SWIFT_ACTIVE_COMPILATION_CONDITIONS = DEBUG;
				SWIFT_OPTIMIZATION_LEVEL = "-Onone";
			};
			name = Debug;
		};
		CD6DA8DC2431D07A006A834B /* Release */ = {
			isa = XCBuildConfiguration;
			buildSettings = {
				ALWAYS_SEARCH_USER_PATHS = NO;
				CLANG_ANALYZER_NONNULL = YES;
				CLANG_ANALYZER_NUMBER_OBJECT_CONVERSION = YES_AGGRESSIVE;
				CLANG_CXX_LANGUAGE_STANDARD = "gnu++14";
				CLANG_CXX_LIBRARY = "libc++";
				CLANG_ENABLE_MODULES = YES;
				CLANG_ENABLE_OBJC_ARC = YES;
				CLANG_ENABLE_OBJC_WEAK = YES;
				CLANG_WARN_BLOCK_CAPTURE_AUTORELEASING = YES;
				CLANG_WARN_BOOL_CONVERSION = YES;
				CLANG_WARN_COMMA = YES;
				CLANG_WARN_CONSTANT_CONVERSION = YES;
				CLANG_WARN_DEPRECATED_OBJC_IMPLEMENTATIONS = YES;
				CLANG_WARN_DIRECT_OBJC_ISA_USAGE = YES_ERROR;
				CLANG_WARN_DOCUMENTATION_COMMENTS = YES;
				CLANG_WARN_EMPTY_BODY = YES;
				CLANG_WARN_ENUM_CONVERSION = YES;
				CLANG_WARN_INFINITE_RECURSION = YES;
				CLANG_WARN_INT_CONVERSION = YES;
				CLANG_WARN_NON_LITERAL_NULL_CONVERSION = YES;
				CLANG_WARN_OBJC_IMPLICIT_RETAIN_SELF = YES;
				CLANG_WARN_OBJC_LITERAL_CONVERSION = YES;
				CLANG_WARN_OBJC_ROOT_CLASS = YES_ERROR;
				CLANG_WARN_RANGE_LOOP_ANALYSIS = YES;
				CLANG_WARN_STRICT_PROTOTYPES = YES;
				CLANG_WARN_SUSPICIOUS_MOVE = YES;
				CLANG_WARN_UNGUARDED_AVAILABILITY = YES_AGGRESSIVE;
				CLANG_WARN_UNREACHABLE_CODE = YES;
				CLANG_WARN__DUPLICATE_METHOD_MATCH = YES;
				COPY_PHASE_STRIP = NO;
				DEBUG_INFORMATION_FORMAT = "dwarf-with-dsym";
				ENABLE_NS_ASSERTIONS = NO;
				ENABLE_STRICT_OBJC_MSGSEND = YES;
				GCC_C_LANGUAGE_STANDARD = gnu11;
				GCC_NO_COMMON_BLOCKS = YES;
				GCC_WARN_64_TO_32_BIT_CONVERSION = YES;
				GCC_WARN_ABOUT_RETURN_TYPE = YES_ERROR;
				GCC_WARN_UNDECLARED_SELECTOR = YES;
				GCC_WARN_UNINITIALIZED_AUTOS = YES_AGGRESSIVE;
				GCC_WARN_UNUSED_FUNCTION = YES;
				GCC_WARN_UNUSED_VARIABLE = YES;
				IPHONEOS_DEPLOYMENT_TARGET = 13.2;
				MTL_ENABLE_DEBUG_INFO = NO;
				MTL_FAST_MATH = YES;
				SDKROOT = iphoneos;
				SWIFT_COMPILATION_MODE = wholemodule;
				SWIFT_OPTIMIZATION_LEVEL = "-O";
				VALIDATE_PRODUCT = YES;
			};
			name = Release;
		};
		CD6DA8DE2431D07A006A834B /* Debug */ = {
			isa = XCBuildConfiguration;
			baseConfigurationReference = 6B4890C7210A12A63E5D6EA4 /* Pods-FactsApp.debug.xcconfig */;
			buildSettings = {
				ASSETCATALOG_COMPILER_APPICON_NAME = AppIcon;
				CODE_SIGN_STYLE = Automatic;
				INFOPLIST_FILE = FactsApp/Info.plist;
				IPHONEOS_DEPLOYMENT_TARGET = 11.0;
				LD_RUNPATH_SEARCH_PATHS = (
					"$(inherited)",
					"@executable_path/Frameworks",
				);
				PRODUCT_BUNDLE_IDENTIFIER = com.softvision.FactsApp;
				PRODUCT_NAME = "$(TARGET_NAME)";
				SWIFT_VERSION = 4.2;
				TARGETED_DEVICE_FAMILY = "1,2";
			};
			name = Debug;
		};
		CD6DA8DF2431D07A006A834B /* Release */ = {
			isa = XCBuildConfiguration;
			baseConfigurationReference = FD0C3B27C2C47F438C878F0F /* Pods-FactsApp.release.xcconfig */;
			buildSettings = {
				ASSETCATALOG_COMPILER_APPICON_NAME = AppIcon;
				CODE_SIGN_STYLE = Automatic;
				INFOPLIST_FILE = FactsApp/Info.plist;
				IPHONEOS_DEPLOYMENT_TARGET = 11.0;
				LD_RUNPATH_SEARCH_PATHS = (
					"$(inherited)",
					"@executable_path/Frameworks",
				);
				PRODUCT_BUNDLE_IDENTIFIER = com.softvision.FactsApp;
				PRODUCT_NAME = "$(TARGET_NAME)";
				SWIFT_VERSION = 4.2;
				TARGETED_DEVICE_FAMILY = "1,2";
			};
			name = Release;
		};
/* End XCBuildConfiguration section */

/* Begin XCConfigurationList section */
		CD6BB49124360FC500882040 /* Build configuration list for PBXNativeTarget "FactsAppTests" */ = {
			isa = XCConfigurationList;
			buildConfigurations = (
				CD6BB48F24360FC500882040 /* Debug */,
				CD6BB49024360FC500882040 /* Release */,
			);
			defaultConfigurationIsVisible = 0;
			defaultConfigurationName = Release;
		};
		CD6DA8C42431D077006A834B /* Build configuration list for PBXProject "FactsApp" */ = {
			isa = XCConfigurationList;
			buildConfigurations = (
				CD6DA8DB2431D07A006A834B /* Debug */,
				CD6DA8DC2431D07A006A834B /* Release */,
			);
			defaultConfigurationIsVisible = 0;
			defaultConfigurationName = Release;
		};
		CD6DA8DD2431D07A006A834B /* Build configuration list for PBXNativeTarget "FactsApp" */ = {
			isa = XCConfigurationList;
			buildConfigurations = (
				CD6DA8DE2431D07A006A834B /* Debug */,
				CD6DA8DF2431D07A006A834B /* Release */,
			);
			defaultConfigurationIsVisible = 0;
			defaultConfigurationName = Release;
		};
/* End XCConfigurationList section */
	};
	rootObject = CD6DA8C12431D077006A834B /* Project object */;
}
